// !$*UTF8*$!
{
	archiveVersion = 1;
	classes = {
	};
	objectVersion = 50;
	objects = {

/* Begin PBXBuildFile section */
		04B9060F2441B72900FC9A0A /* RPN.framework in Frameworks */ = {isa = PBXBuildFile; fileRef = 04B9060E2441B45600FC9A0A /* RPN.framework */; };
		04B906102441B72900FC9A0A /* RPN.framework in Embed Frameworks */ = {isa = PBXBuildFile; fileRef = 04B9060E2441B45600FC9A0A /* RPN.framework */; settings = {ATTRIBUTES = (CodeSignOnCopy, RemoveHeadersOnCopy, ); }; };
		04E1362E2441B0E500CE0E62 /* AppDelegate.swift in Sources */ = {isa = PBXBuildFile; fileRef = 04E1362D2441B0E500CE0E62 /* AppDelegate.swift */; };
		04E136302441B0E500CE0E62 /* SceneDelegate.swift in Sources */ = {isa = PBXBuildFile; fileRef = 04E1362F2441B0E500CE0E62 /* SceneDelegate.swift */; };
		04E136322441B0E500CE0E62 /* ViewController.swift in Sources */ = {isa = PBXBuildFile; fileRef = 04E136312441B0E500CE0E62 /* ViewController.swift */; };
		04E136352441B0E500CE0E62 /* Main.storyboard in Resources */ = {isa = PBXBuildFile; fileRef = 04E136332441B0E500CE0E62 /* Main.storyboard */; };
		04E136372441B0EA00CE0E62 /* Assets.xcassets in Resources */ = {isa = PBXBuildFile; fileRef = 04E136362441B0EA00CE0E62 /* Assets.xcassets */; };
		04E1363A2441B0EA00CE0E62 /* LaunchScreen.storyboard in Resources */ = {isa = PBXBuildFile; fileRef = 04E136382441B0EA00CE0E62 /* LaunchScreen.storyboard */; };
/* End PBXBuildFile section */

/* Begin PBXContainerItemProxy section */
		04B9060D2441B45600FC9A0A /* PBXContainerItemProxy */ = {
			isa = PBXContainerItemProxy;
			containerPortal = 04B906092441B45600FC9A0A /* RPN.xcodeproj */;
			proxyType = 2;
			remoteGlobalIDString = 0479459B2441B1D900925BD5;
			remoteInfo = RPN;
		};
		04B906122441B88000FC9A0A /* PBXContainerItemProxy */ = {
			isa = PBXContainerItemProxy;
			containerPortal = 04B906092441B45600FC9A0A /* RPN.xcodeproj */;
			proxyType = 1;
			remoteGlobalIDString = 0479459A2441B1D900925BD5;
			remoteInfo = RPN;
		};
/* End PBXContainerItemProxy section */

/* Begin PBXCopyFilesBuildPhase section */
		04B906112441B72900FC9A0A /* Embed Frameworks */ = {
			isa = PBXCopyFilesBuildPhase;
			buildActionMask = 2147483647;
			dstPath = "";
			dstSubfolderSpec = 10;
			files = (
				04B906102441B72900FC9A0A /* RPN.framework in Embed Frameworks */,
			);
			name = "Embed Frameworks";
			runOnlyForDeploymentPostprocessing = 0;
		};
/* End PBXCopyFilesBuildPhase section */

/* Begin PBXFileReference section */
		04B906092441B45600FC9A0A /* RPN.xcodeproj */ = {isa = PBXFileReference; lastKnownFileType = "wrapper.pb-project"; path = RPN.xcodeproj; sourceTree = "<group>"; };
		04E1362A2441B0E500CE0E62 /* Calculator.app */ = {isa = PBXFileReference; explicitFileType = wrapper.application; includeInIndex = 0; path = Calculator.app; sourceTree = BUILT_PRODUCTS_DIR; };
		04E1362D2441B0E500CE0E62 /* AppDelegate.swift */ = {isa = PBXFileReference; lastKnownFileType = sourcecode.swift; path = AppDelegate.swift; sourceTree = "<group>"; };
		04E1362F2441B0E500CE0E62 /* SceneDelegate.swift */ = {isa = PBXFileReference; lastKnownFileType = sourcecode.swift; path = SceneDelegate.swift; sourceTree = "<group>"; };
		04E136312441B0E500CE0E62 /* ViewController.swift */ = {isa = PBXFileReference; lastKnownFileType = sourcecode.swift; path = ViewController.swift; sourceTree = "<group>"; };
		04E136342441B0E500CE0E62 /* Base */ = {isa = PBXFileReference; lastKnownFileType = file.storyboard; name = Base; path = Base.lproj/Main.storyboard; sourceTree = "<group>"; };
		04E136362441B0EA00CE0E62 /* Assets.xcassets */ = {isa = PBXFileReference; lastKnownFileType = folder.assetcatalog; path = Assets.xcassets; sourceTree = "<group>"; };
		04E136392441B0EA00CE0E62 /* Base */ = {isa = PBXFileReference; lastKnownFileType = file.storyboard; name = Base; path = Base.lproj/LaunchScreen.storyboard; sourceTree = "<group>"; };
		04E1363B2441B0EA00CE0E62 /* Info.plist */ = {isa = PBXFileReference; lastKnownFileType = text.plist.xml; path = Info.plist; sourceTree = "<group>"; };
/* End PBXFileReference section */

/* Begin PBXFrameworksBuildPhase section */
		04E136272441B0E500CE0E62 /* Frameworks */ = {
			isa = PBXFrameworksBuildPhase;
			buildActionMask = 2147483647;
			files = (
				04B9060F2441B72900FC9A0A /* RPN.framework in Frameworks */,
			);
			runOnlyForDeploymentPostprocessing = 0;
		};
/* End PBXFrameworksBuildPhase section */

/* Begin PBXGroup section */
		04B906082441B41A00FC9A0A /* Frameworks */ = {
			isa = PBXGroup;
			children = (
				04B906092441B45600FC9A0A /* RPN.xcodeproj */,
			);
			name = Frameworks;
			sourceTree = "<group>";
		};
		04B9060A2441B45600FC9A0A /* Products */ = {
			isa = PBXGroup;
			children = (
				04B9060E2441B45600FC9A0A /* RPN.framework */,
			);
			name = Products;
			sourceTree = "<group>";
		};
		04E136212441B0E500CE0E62 = {
			isa = PBXGroup;
			children = (
				04E1362C2441B0E500CE0E62 /* Calculator */,
				04B906082441B41A00FC9A0A /* Frameworks */,
				04E1362B2441B0E500CE0E62 /* Products */,
			);
			sourceTree = "<group>";
		};
		04E1362B2441B0E500CE0E62 /* Products */ = {
			isa = PBXGroup;
			children = (
				04E1362A2441B0E500CE0E62 /* Calculator.app */,
			);
			name = Products;
			sourceTree = "<group>";
		};
		04E1362C2441B0E500CE0E62 /* Calculator */ = {
			isa = PBXGroup;
			children = (
				04E1362D2441B0E500CE0E62 /* AppDelegate.swift */,
				04E1362F2441B0E500CE0E62 /* SceneDelegate.swift */,
				04E136312441B0E500CE0E62 /* ViewController.swift */,
				04E136332441B0E500CE0E62 /* Main.storyboard */,
				04E136362441B0EA00CE0E62 /* Assets.xcassets */,
				04E136382441B0EA00CE0E62 /* LaunchScreen.storyboard */,
				04E1363B2441B0EA00CE0E62 /* Info.plist */,
			);
			path = Calculator;
			sourceTree = "<group>";
		};
/* End PBXGroup section */

/* Begin PBXNativeTarget section */
		04E136292441B0E500CE0E62 /* Calculator */ = {
			isa = PBXNativeTarget;
			buildConfigurationList = 04E1363E2441B0EA00CE0E62 /* Build configuration list for PBXNativeTarget "Calculator" */;
			buildPhases = (
				04E136262441B0E500CE0E62 /* Sources */,
				04E136272441B0E500CE0E62 /* Frameworks */,
				04E136282441B0E500CE0E62 /* Resources */,
				04B906112441B72900FC9A0A /* Embed Frameworks */,
			);
			buildRules = (
			);
			dependencies = (
				04B906132441B88000FC9A0A /* PBXTargetDependency */,
			);
			name = Calculator;
			productName = Calculator;
			productReference = 04E1362A2441B0E500CE0E62 /* Calculator.app */;
			productType = "com.apple.product-type.application";
		};
/* End PBXNativeTarget section */

/* Begin PBXProject section */
		04E136222441B0E500CE0E62 /* Project object */ = {
			isa = PBXProject;
			attributes = {
				LastSwiftUpdateCheck = 1140;
				LastUpgradeCheck = 1140;
				ORGANIZATIONNAME = "FGT MAC";
				TargetAttributes = {
					04E136292441B0E500CE0E62 = {
						CreatedOnToolsVersion = 11.4;
					};
				};
			};
			buildConfigurationList = 04E136252441B0E500CE0E62 /* Build configuration list for PBXProject "Calculator" */;
			compatibilityVersion = "Xcode 9.3";
			developmentRegion = en;
			hasScannedForEncodings = 0;
			knownRegions = (
				en,
				Base,
			);
			mainGroup = 04E136212441B0E500CE0E62;
			productRefGroup = 04E1362B2441B0E500CE0E62 /* Products */;
			projectDirPath = "";
			projectReferences = (
				{
					ProductGroup = 04B9060A2441B45600FC9A0A /* Products */;
					ProjectRef = 04B906092441B45600FC9A0A /* RPN.xcodeproj */;
				},
			);
			projectRoot = "";
			targets = (
				04E136292441B0E500CE0E62 /* Calculator */,
			);
		};
/* End PBXProject section */

/* Begin PBXReferenceProxy section */
		04B9060E2441B45600FC9A0A /* RPN.framework */ = {
			isa = PBXReferenceProxy;
			fileType = wrapper.framework;
			path = RPN.framework;
			remoteRef = 04B9060D2441B45600FC9A0A /* PBXContainerItemProxy */;
			sourceTree = BUILT_PRODUCTS_DIR;
		};
/* End PBXReferenceProxy section */

/* Begin PBXResourcesBuildPhase section */
		04E136282441B0E500CE0E62 /* Resources */ = {
			isa = PBXResourcesBuildPhase;
			buildActionMask = 2147483647;
			files = (
				04E1363A2441B0EA00CE0E62 /* LaunchScreen.storyboard in Resources */,
				04E136372441B0EA00CE0E62 /* Assets.xcassets in Resources */,
				04E136352441B0E500CE0E62 /* Main.storyboard in Resources */,
			);
			runOnlyForDeploymentPostprocessing = 0;
		};
/* End PBXResourcesBuildPhase section */

/* Begin PBXSourcesBuildPhase section */
		04E136262441B0E500CE0E62 /* Sources */ = {
			isa = PBXSourcesBuildPhase;
			buildActionMask = 2147483647;
			files = (
				04E136322441B0E500CE0E62 /* ViewController.swift in Sources */,
				04E1362E2441B0E500CE0E62 /* AppDelegate.swift in Sources */,
				04E136302441B0E500CE0E62 /* SceneDelegate.swift in Sources */,
			);
			runOnlyForDeploymentPostprocessing = 0;
		};
/* End PBXSourcesBuildPhase section */

/* Begin PBXTargetDependency section */
		04B906132441B88000FC9A0A /* PBXTargetDependency */ = {
			isa = PBXTargetDependency;
			name = RPN;
			targetProxy = 04B906122441B88000FC9A0A /* PBXContainerItemProxy */;
		};
/* End PBXTargetDependency section */

/* Begin PBXVariantGroup section */
		04E136332441B0E500CE0E62 /* Main.storyboard */ = {
			isa = PBXVariantGroup;
			children = (
				04E136342441B0E500CE0E62 /* Base */,
			);
			name = Main.storyboard;
			sourceTree = "<group>";
		};
		04E136382441B0EA00CE0E62 /* LaunchScreen.storyboard */ = {
			isa = PBXVariantGroup;
			children = (
				04E136392441B0EA00CE0E62 /* Base */,
			);
			name = LaunchScreen.storyboard;
			sourceTree = "<group>";
		};
/* End PBXVariantGroup section */

/* Begin XCBuildConfiguration section */
		04E1363C2441B0EA00CE0E62 /* Debug */ = {
			isa = XCBuildConfiguration;
			buildSettings = {
				ALWAYS_SEARCH_USER_PATHS = NO;
				CLANG_ANALYZER_NONNULL = YES;
				CLANG_ANALYZER_NUMBER_OBJECT_CONVERSION = YES_AGGRESSIVE;
				CLANG_CXX_LANGUAGE_STANDARD = "gnu++14";
				CLANG_CXX_LIBRARY = "libc++";
				CLANG_ENABLE_MODULES = YES;
				CLANG_ENABLE_OBJC_ARC = YES;
				CLANG_ENABLE_OBJC_WEAK = YES;
				CLANG_WARN_BLOCK_CAPTURE_AUTORELEASING = YES;
				CLANG_WARN_BOOL_CONVERSION = YES;
				CLANG_WARN_COMMA = YES;
				CLANG_WARN_CONSTANT_CONVERSION = YES;
				CLANG_WARN_DEPRECATED_OBJC_IMPLEMENTATIONS = YES;
				CLANG_WARN_DIRECT_OBJC_ISA_USAGE = YES_ERROR;
				CLANG_WARN_DOCUMENTATION_COMMENTS = YES;
				CLANG_WARN_EMPTY_BODY = YES;
				CLANG_WARN_ENUM_CONVERSION = YES;
				CLANG_WARN_INFINITE_RECURSION = YES;
				CLANG_WARN_INT_CONVERSION = YES;
				CLANG_WARN_NON_LITERAL_NULL_CONVERSION = YES;
				CLANG_WARN_OBJC_IMPLICIT_RETAIN_SELF = YES;
				CLANG_WARN_OBJC_LITERAL_CONVERSION = YES;
				CLANG_WARN_OBJC_ROOT_CLASS = YES_ERROR;
				CLANG_WARN_RANGE_LOOP_ANALYSIS = YES;
				CLANG_WARN_STRICT_PROTOTYPES = YES;
				CLANG_WARN_SUSPICIOUS_MOVE = YES;
				CLANG_WARN_UNGUARDED_AVAILABILITY = YES_AGGRESSIVE;
				CLANG_WARN_UNREACHABLE_CODE = YES;
				CLANG_WARN__DUPLICATE_METHOD_MATCH = YES;
				COPY_PHASE_STRIP = NO;
				DEBUG_INFORMATION_FORMAT = dwarf;
				ENABLE_STRICT_OBJC_MSGSEND = YES;
				ENABLE_TESTABILITY = YES;
				GCC_C_LANGUAGE_STANDARD = gnu11;
				GCC_DYNAMIC_NO_PIC = NO;
				GCC_NO_COMMON_BLOCKS = YES;
				GCC_OPTIMIZATION_LEVEL = 0;
				GCC_PREPROCESSOR_DEFINITIONS = (
					"DEBUG=1",
					"$(inherited)",
				);
				GCC_WARN_64_TO_32_BIT_CONVERSION = YES;
				GCC_WARN_ABOUT_RETURN_TYPE = YES_ERROR;
				GCC_WARN_UNDECLARED_SELECTOR = YES;
				GCC_WARN_UNINITIALIZED_AUTOS = YES_AGGRESSIVE;
				GCC_WARN_UNUSED_FUNCTION = YES;
				GCC_WARN_UNUSED_VARIABLE = YES;
				IPHONEOS_DEPLOYMENT_TARGET = 13.4;
				MTL_ENABLE_DEBUG_INFO = INCLUDE_SOURCE;
				MTL_FAST_MATH = YES;
				ONLY_ACTIVE_ARCH = YES;
				SDKROOT = iphoneos;
				SWIFT_ACTIVE_COMPILATION_CONDITIONS = DEBUG;
				SWIFT_OPTIMIZATION_LEVEL = "-Onone";
			};
			name = Debug;
		};
		04E1363D2441B0EA00CE0E62 /* Release */ = {
			isa = XCBuildConfiguration;
			buildSettings = {
				ALWAYS_SEARCH_USER_PATHS = NO;
				CLANG_ANALYZER_NONNULL = YES;
				CLANG_ANALYZER_NUMBER_OBJECT_CONVERSION = YES_AGGRESSIVE;
				CLANG_CXX_LANGUAGE_STANDARD = "gnu++14";
				CLANG_CXX_LIBRARY = "libc++";
				CLANG_ENABLE_MODULES = YES;
				CLANG_ENABLE_OBJC_ARC = YES;
				CLANG_ENABLE_OBJC_WEAK = YES;
				CLANG_WARN_BLOCK_CAPTURE_AUTORELEASING = YES;
				CLANG_WARN_BOOL_CONVERSION = YES;
				CLANG_WARN_COMMA = YES;
				CLANG_WARN_CONSTANT_CONVERSION = YES;
				CLANG_WARN_DEPRECATED_OBJC_IMPLEMENTATIONS = YES;
				CLANG_WARN_DIRECT_OBJC_ISA_USAGE = YES_ERROR;
				CLANG_WARN_DOCUMENTATION_COMMENTS = YES;
				CLANG_WARN_EMPTY_BODY = YES;
				CLANG_WARN_ENUM_CONVERSION = YES;
				CLANG_WARN_INFINITE_RECURSION = YES;
				CLANG_WARN_INT_CONVERSION = YES;
				CLANG_WARN_NON_LITERAL_NULL_CONVERSION = YES;
				CLANG_WARN_OBJC_IMPLICIT_RETAIN_SELF = YES;
				CLANG_WARN_OBJC_LITERAL_CONVERSION = YES;
				CLANG_WARN_OBJC_ROOT_CLASS = YES_ERROR;
				CLANG_WARN_RANGE_LOOP_ANALYSIS = YES;
				CLANG_WARN_STRICT_PROTOTYPES = YES;
				CLANG_WARN_SUSPICIOUS_MOVE = YES;
				CLANG_WARN_UNGUARDED_AVAILABILITY = YES_AGGRESSIVE;
				CLANG_WARN_UNREACHABLE_CODE = YES;
				CLANG_WARN__DUPLICATE_METHOD_MATCH = YES;
				COPY_PHASE_STRIP = NO;
				DEBUG_INFORMATION_FORMAT = "dwarf-with-dsym";
				ENABLE_NS_ASSERTIONS = NO;
				ENABLE_STRICT_OBJC_MSGSEND = YES;
				GCC_C_LANGUAGE_STANDARD = gnu11;
				GCC_NO_COMMON_BLOCKS = YES;
				GCC_WARN_64_TO_32_BIT_CONVERSION = YES;
				GCC_WARN_ABOUT_RETURN_TYPE = YES_ERROR;
				GCC_WARN_UNDECLARED_SELECTOR = YES;
				GCC_WARN_UNINITIALIZED_AUTOS = YES_AGGRESSIVE;
				GCC_WARN_UNUSED_FUNCTION = YES;
				GCC_WARN_UNUSED_VARIABLE = YES;
				IPHONEOS_DEPLOYMENT_TARGET = 13.4;
				MTL_ENABLE_DEBUG_INFO = NO;
				MTL_FAST_MATH = YES;
				SDKROOT = iphoneos;
				SWIFT_COMPILATION_MODE = wholemodule;
				SWIFT_OPTIMIZATION_LEVEL = "-O";
				VALIDATE_PRODUCT = YES;
			};
			name = Release;
		};
		04E1363F2441B0EA00CE0E62 /* Debug */ = {
			isa = XCBuildConfiguration;
			buildSettings = {
				ASSETCATALOG_COMPILER_APPICON_NAME = AppIcon;
				CODE_SIGN_STYLE = Automatic;
				DEVELOPMENT_TEAM = N3P8URX7UV;
				INFOPLIST_FILE = Calculator/Info.plist;
				LD_RUNPATH_SEARCH_PATHS = (
					"$(inherited)",
					"@executable_path/Frameworks",
				);
				PRODUCT_BUNDLE_IDENTIFIER = com.productions.fritzgt.Calculator;
				PRODUCT_NAME = "$(TARGET_NAME)";
				SWIFT_VERSION = 5.0;
				TARGETED_DEVICE_FAMILY = "1,2";
			};
			name = Debug;
		};
		04E136402441B0EA00CE0E62 /* Release */ = {
			isa = XCBuildConfiguration;
			buildSettings = {
				ASSETCATALOG_COMPILER_APPICON_NAME = AppIcon;
				CODE_SIGN_STYLE = Automatic;
				DEVELOPMENT_TEAM = N3P8URX7UV;
				INFOPLIST_FILE = Calculator/Info.plist;
				LD_RUNPATH_SEARCH_PATHS = (
					"$(inherited)",
					"@executable_path/Frameworks",
				);
				PRODUCT_BUNDLE_IDENTIFIER = com.productions.fritzgt.Calculator;
				PRODUCT_NAME = "$(TARGET_NAME)";
				SWIFT_VERSION = 5.0;
				TARGETED_DEVICE_FAMILY = "1,2";
			};
			name = Release;
		};
/* End XCBuildConfiguration section */

/* Begin XCConfigurationList section */
		04E136252441B0E500CE0E62 /* Build configuration list for PBXProject "Calculator" */ = {
			isa = XCConfigurationList;
			buildConfigurations = (
				04E1363C2441B0EA00CE0E62 /* Debug */,
				04E1363D2441B0EA00CE0E62 /* Release */,
			);
			defaultConfigurationIsVisible = 0;
			defaultConfigurationName = Release;
		};
		04E1363E2441B0EA00CE0E62 /* Build configuration list for PBXNativeTarget "Calculator" */ = {
			isa = XCConfigurationList;
			buildConfigurations = (
				04E1363F2441B0EA00CE0E62 /* Debug */,
				04E136402441B0EA00CE0E62 /* Release */,
			);
			defaultConfigurationIsVisible = 0;
			defaultConfigurationName = Release;
		};
/* End XCConfigurationList section */
	};
	rootObject = 04E136222441B0E500CE0E62 /* Project object */;
}
